// !$*UTF8*$!
{
	archiveVersion = 1;
	classes = {
	};
	objectVersion = 56;
	objects = {

/* Begin PBXBuildFile section */
		CD99F8162BA30C7D00A6403A /* RandomContactsApp.swift in Sources */ = {isa = PBXBuildFile; fileRef = CD99F8152BA30C7D00A6403A /* RandomContactsApp.swift */; };
		CD99F8182BA30C7D00A6403A /* ContentView.swift in Sources */ = {isa = PBXBuildFile; fileRef = CD99F8172BA30C7D00A6403A /* ContentView.swift */; };
		CD99F81A2BA30C7E00A6403A /* Assets.xcassets in Resources */ = {isa = PBXBuildFile; fileRef = CD99F8192BA30C7E00A6403A /* Assets.xcassets */; };
		CD99F81D2BA30C7E00A6403A /* Preview Assets.xcassets in Resources */ = {isa = PBXBuildFile; fileRef = CD99F81C2BA30C7E00A6403A /* Preview Assets.xcassets */; };
		CD99F8252BA30E1600A6403A /* PersonsListView.swift in Sources */ = {isa = PBXBuildFile; fileRef = CD99F8242BA30E1600A6403A /* PersonsListView.swift */; };
		CD99F8272BA30E3000A6403A /* SectionContactsView.swift in Sources */ = {isa = PBXBuildFile; fileRef = CD99F8262BA30E3000A6403A /* SectionContactsView.swift */; };
		CD99F82A2BA30F8D00A6403A /* DataStore.swift in Sources */ = {isa = PBXBuildFile; fileRef = CD99F8292BA30F8D00A6403A /* DataStore.swift */; };
		CD99F82D2BA30FDC00A6403A /* Person.swift in Sources */ = {isa = PBXBuildFile; fileRef = CD99F82C2BA30FDC00A6403A /* Person.swift */; };
		CD99F82F2BA312F800A6403A /* PersonDetailsView.swift in Sources */ = {isa = PBXBuildFile; fileRef = CD99F82E2BA312F800A6403A /* PersonDetailsView.swift */; };
		CD99F8322BA3175400A6403A /* PersonRowView.swift in Sources */ = {isa = PBXBuildFile; fileRef = CD99F8312BA3175400A6403A /* PersonRowView.swift */; };
/* End PBXBuildFile section */

/* Begin PBXFileReference section */
		CD99F8122BA30C7D00A6403A /* RandomContacts.app */ = {isa = PBXFileReference; explicitFileType = wrapper.application; includeInIndex = 0; path = RandomContacts.app; sourceTree = BUILT_PRODUCTS_DIR; };
		CD99F8152BA30C7D00A6403A /* RandomContactsApp.swift */ = {isa = PBXFileReference; lastKnownFileType = sourcecode.swift; path = RandomContactsApp.swift; sourceTree = "<group>"; };
		CD99F8172BA30C7D00A6403A /* ContentView.swift */ = {isa = PBXFileReference; lastKnownFileType = sourcecode.swift; path = ContentView.swift; sourceTree = "<group>"; };
		CD99F8192BA30C7E00A6403A /* Assets.xcassets */ = {isa = PBXFileReference; lastKnownFileType = folder.assetcatalog; path = Assets.xcassets; sourceTree = "<group>"; };
		CD99F81C2BA30C7E00A6403A /* Preview Assets.xcassets */ = {isa = PBXFileReference; lastKnownFileType = folder.assetcatalog; path = "Preview Assets.xcassets"; sourceTree = "<group>"; };
		CD99F8242BA30E1600A6403A /* PersonsListView.swift */ = {isa = PBXFileReference; lastKnownFileType = sourcecode.swift; path = PersonsListView.swift; sourceTree = "<group>"; };
		CD99F8262BA30E3000A6403A /* SectionContactsView.swift */ = {isa = PBXFileReference; lastKnownFileType = sourcecode.swift; path = SectionContactsView.swift; sourceTree = "<group>"; };
		CD99F8292BA30F8D00A6403A /* DataStore.swift */ = {isa = PBXFileReference; lastKnownFileType = sourcecode.swift; path = DataStore.swift; sourceTree = "<group>"; };
		CD99F82C2BA30FDC00A6403A /* Person.swift */ = {isa = PBXFileReference; lastKnownFileType = sourcecode.swift; path = Person.swift; sourceTree = "<group>"; };
		CD99F82E2BA312F800A6403A /* PersonDetailsView.swift */ = {isa = PBXFileReference; lastKnownFileType = sourcecode.swift; path = PersonDetailsView.swift; sourceTree = "<group>"; };
		CD99F8312BA3175400A6403A /* PersonRowView.swift */ = {isa = PBXFileReference; lastKnownFileType = sourcecode.swift; path = PersonRowView.swift; sourceTree = "<group>"; };
/* End PBXFileReference section */

/* Begin PBXFrameworksBuildPhase section */
		CD99F80F2BA30C7D00A6403A /* Frameworks */ = {
			isa = PBXFrameworksBuildPhase;
			buildActionMask = 2147483647;
			files = (
			);
			runOnlyForDeploymentPostprocessing = 0;
		};
/* End PBXFrameworksBuildPhase section */

/* Begin PBXGroup section */
		CD99F8092BA30C7D00A6403A = {
			isa = PBXGroup;
			children = (
				CD99F8142BA30C7D00A6403A /* RandomContacts */,
				CD99F8132BA30C7D00A6403A /* Products */,
			);
			sourceTree = "<group>";
		};
		CD99F8132BA30C7D00A6403A /* Products */ = {
			isa = PBXGroup;
			children = (
				CD99F8122BA30C7D00A6403A /* RandomContacts.app */,
			);
			name = Products;
			sourceTree = "<group>";
		};
		CD99F8142BA30C7D00A6403A /* RandomContacts */ = {
			isa = PBXGroup;
			children = (
				CD99F8302BA3136500A6403A /* App */,
				CD99F8172BA30C7D00A6403A /* ContentView.swift */,
				CD99F8242BA30E1600A6403A /* PersonsListView.swift */,
				CD99F8312BA3175400A6403A /* PersonRowView.swift */,
				CD99F82E2BA312F800A6403A /* PersonDetailsView.swift */,
				CD99F8262BA30E3000A6403A /* SectionContactsView.swift */,
				CD99F82B2BA30FB800A6403A /* Models */,
				CD99F8282BA30F7D00A6403A /* Services */,
				CD99F8232BA30CB300A6403A /* Resources */,
				CD99F81B2BA30C7E00A6403A /* Preview Content */,
			);
			path = RandomContacts;
			sourceTree = "<group>";
		};
		CD99F81B2BA30C7E00A6403A /* Preview Content */ = {
			isa = PBXGroup;
			children = (
				CD99F81C2BA30C7E00A6403A /* Preview Assets.xcassets */,
			);
			path = "Preview Content";
			sourceTree = "<group>";
		};
		CD99F8232BA30CB300A6403A /* Resources */ = {
			isa = PBXGroup;
			children = (
				CD99F8192BA30C7E00A6403A /* Assets.xcassets */,
			);
			path = Resources;
			sourceTree = "<group>";
		};
		CD99F8282BA30F7D00A6403A /* Services */ = {
			isa = PBXGroup;
			children = (
				CD99F8292BA30F8D00A6403A /* DataStore.swift */,
			);
			path = Services;
			sourceTree = "<group>";
		};
		CD99F82B2BA30FB800A6403A /* Models */ = {
			isa = PBXGroup;
			children = (
				CD99F82C2BA30FDC00A6403A /* Person.swift */,
			);
			path = Models;
			sourceTree = "<group>";
		};
		CD99F8302BA3136500A6403A /* App */ = {
			isa = PBXGroup;
			children = (
				CD99F8152BA30C7D00A6403A /* RandomContactsApp.swift */,
			);
			path = App;
			sourceTree = "<group>";
		};
/* End PBXGroup section */

/* Begin PBXNativeTarget section */
		CD99F8112BA30C7D00A6403A /* RandomContacts */ = {
			isa = PBXNativeTarget;
			buildConfigurationList = CD99F8202BA30C7E00A6403A /* Build configuration list for PBXNativeTarget "RandomContacts" */;
			buildPhases = (
				CD99F80E2BA30C7D00A6403A /* Sources */,
				CD99F80F2BA30C7D00A6403A /* Frameworks */,
				CD99F8102BA30C7D00A6403A /* Resources */,
			);
			buildRules = (
			);
			dependencies = (
			);
			name = RandomContacts;
			productName = RandomContacts;
			productReference = CD99F8122BA30C7D00A6403A /* RandomContacts.app */;
			productType = "com.apple.product-type.application";
		};
/* End PBXNativeTarget section */

/* Begin PBXProject section */
		CD99F80A2BA30C7D00A6403A /* Project object */ = {
			isa = PBXProject;
			attributes = {
				BuildIndependentTargetsInParallel = 1;
				LastSwiftUpdateCheck = 1520;
				LastUpgradeCheck = 1520;
				TargetAttributes = {
					CD99F8112BA30C7D00A6403A = {
						CreatedOnToolsVersion = 15.2;
					};
				};
			};
			buildConfigurationList = CD99F80D2BA30C7D00A6403A /* Build configuration list for PBXProject "RandomContacts" */;
			compatibilityVersion = "Xcode 14.0";
			developmentRegion = en;
			hasScannedForEncodings = 0;
			knownRegions = (
				en,
				Base,
			);
			mainGroup = CD99F8092BA30C7D00A6403A;
			productRefGroup = CD99F8132BA30C7D00A6403A /* Products */;
			projectDirPath = "";
			projectRoot = "";
			targets = (
				CD99F8112BA30C7D00A6403A /* RandomContacts */,
			);
		};
/* End PBXProject section */

/* Begin PBXResourcesBuildPhase section */
		CD99F8102BA30C7D00A6403A /* Resources */ = {
			isa = PBXResourcesBuildPhase;
			buildActionMask = 2147483647;
			files = (
				CD99F81D2BA30C7E00A6403A /* Preview Assets.xcassets in Resources */,
				CD99F81A2BA30C7E00A6403A /* Assets.xcassets in Resources */,
			);
			runOnlyForDeploymentPostprocessing = 0;
		};
/* End PBXResourcesBuildPhase section */

/* Begin PBXSourcesBuildPhase section */
		CD99F80E2BA30C7D00A6403A /* Sources */ = {
			isa = PBXSourcesBuildPhase;
			buildActionMask = 2147483647;
			files = (
				CD99F8322BA3175400A6403A /* PersonRowView.swift in Sources */,
				CD99F82D2BA30FDC00A6403A /* Person.swift in Sources */,
				CD99F8182BA30C7D00A6403A /* ContentView.swift in Sources */,
				CD99F8252BA30E1600A6403A /* PersonsListView.swift in Sources */,
				CD99F82F2BA312F800A6403A /* PersonDetailsView.swift in Sources */,
				CD99F8162BA30C7D00A6403A /* RandomContactsApp.swift in Sources */,
				CD99F82A2BA30F8D00A6403A /* DataStore.swift in Sources */,
				CD99F8272BA30E3000A6403A /* SectionContactsView.swift in Sources */,
			);
			runOnlyForDeploymentPostprocessing = 0;
		};
/* End PBXSourcesBuildPhase section */

/* Begin XCBuildConfiguration section */
		CD99F81E2BA30C7E00A6403A /* Debug */ = {
			isa = XCBuildConfiguration;
			buildSettings = {
				ALWAYS_SEARCH_USER_PATHS = NO;
				ASSETCATALOG_COMPILER_GENERATE_SWIFT_ASSET_SYMBOL_EXTENSIONS = YES;
				CLANG_ANALYZER_NONNULL = YES;
				CLANG_ANALYZER_NUMBER_OBJECT_CONVERSION = YES_AGGRESSIVE;
				CLANG_CXX_LANGUAGE_STANDARD = "gnu++20";
				CLANG_ENABLE_MODULES = YES;
				CLANG_ENABLE_OBJC_ARC = YES;
				CLANG_ENABLE_OBJC_WEAK = YES;
				CLANG_WARN_BLOCK_CAPTURE_AUTORELEASING = YES;
				CLANG_WARN_BOOL_CONVERSION = YES;
				CLANG_WARN_COMMA = YES;
				CLANG_WARN_CONSTANT_CONVERSION = YES;
				CLANG_WARN_DEPRECATED_OBJC_IMPLEMENTATIONS = YES;
				CLANG_WARN_DIRECT_OBJC_ISA_USAGE = YES_ERROR;
				CLANG_WARN_DOCUMENTATION_COMMENTS = YES;
				CLANG_WARN_EMPTY_BODY = YES;
				CLANG_WARN_ENUM_CONVERSION = YES;
				CLANG_WARN_INFINITE_RECURSION = YES;
				CLANG_WARN_INT_CONVERSION = YES;
				CLANG_WARN_NON_LITERAL_NULL_CONVERSION = YES;
				CLANG_WARN_OBJC_IMPLICIT_RETAIN_SELF = YES;
				CLANG_WARN_OBJC_LITERAL_CONVERSION = YES;
				CLANG_WARN_OBJC_ROOT_CLASS = YES_ERROR;
				CLANG_WARN_QUOTED_INCLUDE_IN_FRAMEWORK_HEADER = YES;
				CLANG_WARN_RANGE_LOOP_ANALYSIS = YES;
				CLANG_WARN_STRICT_PROTOTYPES = YES;
				CLANG_WARN_SUSPICIOUS_MOVE = YES;
				CLANG_WARN_UNGUARDED_AVAILABILITY = YES_AGGRESSIVE;
				CLANG_WARN_UNREACHABLE_CODE = YES;
				CLANG_WARN__DUPLICATE_METHOD_MATCH = YES;
				COPY_PHASE_STRIP = NO;
				DEBUG_INFORMATION_FORMAT = dwarf;
				ENABLE_STRICT_OBJC_MSGSEND = YES;
				ENABLE_TESTABILITY = YES;
				ENABLE_USER_SCRIPT_SANDBOXING = YES;
				GCC_C_LANGUAGE_STANDARD = gnu17;
				GCC_DYNAMIC_NO_PIC = NO;
				GCC_NO_COMMON_BLOCKS = YES;
				GCC_OPTIMIZATION_LEVEL = 0;
				GCC_PREPROCESSOR_DEFINITIONS = (
					"DEBUG=1",
					"$(inherited)",
				);
				GCC_WARN_64_TO_32_BIT_CONVERSION = YES;
				GCC_WARN_ABOUT_RETURN_TYPE = YES_ERROR;
				GCC_WARN_UNDECLARED_SELECTOR = YES;
				GCC_WARN_UNINITIALIZED_AUTOS = YES_AGGRESSIVE;
				GCC_WARN_UNUSED_FUNCTION = YES;
				GCC_WARN_UNUSED_VARIABLE = YES;
				IPHONEOS_DEPLOYMENT_TARGET = 17.2;
				LOCALIZATION_PREFERS_STRING_CATALOGS = YES;
				MTL_ENABLE_DEBUG_INFO = INCLUDE_SOURCE;
				MTL_FAST_MATH = YES;
				ONLY_ACTIVE_ARCH = YES;
				SDKROOT = iphoneos;
				SWIFT_ACTIVE_COMPILATION_CONDITIONS = "DEBUG $(inherited)";
				SWIFT_OPTIMIZATION_LEVEL = "-Onone";
			};
			name = Debug;
		};
		CD99F81F2BA30C7E00A6403A /* Release */ = {
			isa = XCBuildConfiguration;
			buildSettings = {
				ALWAYS_SEARCH_USER_PATHS = NO;
				ASSETCATALOG_COMPILER_GENERATE_SWIFT_ASSET_SYMBOL_EXTENSIONS = YES;
				CLANG_ANALYZER_NONNULL = YES;
				CLANG_ANALYZER_NUMBER_OBJECT_CONVERSION = YES_AGGRESSIVE;
				CLANG_CXX_LANGUAGE_STANDARD = "gnu++20";
				CLANG_ENABLE_MODULES = YES;
				CLANG_ENABLE_OBJC_ARC = YES;
				CLANG_ENABLE_OBJC_WEAK = YES;
				CLANG_WARN_BLOCK_CAPTURE_AUTORELEASING = YES;
				CLANG_WARN_BOOL_CONVERSION = YES;
				CLANG_WARN_COMMA = YES;
				CLANG_WARN_CONSTANT_CONVERSION = YES;
				CLANG_WARN_DEPRECATED_OBJC_IMPLEMENTATIONS = YES;
				CLANG_WARN_DIRECT_OBJC_ISA_USAGE = YES_ERROR;
				CLANG_WARN_DOCUMENTATION_COMMENTS = YES;
				CLANG_WARN_EMPTY_BODY = YES;
				CLANG_WARN_ENUM_CONVERSION = YES;
				CLANG_WARN_INFINITE_RECURSION = YES;
				CLANG_WARN_INT_CONVERSION = YES;
				CLANG_WARN_NON_LITERAL_NULL_CONVERSION = YES;
				CLANG_WARN_OBJC_IMPLICIT_RETAIN_SELF = YES;
				CLANG_WARN_OBJC_LITERAL_CONVERSION = YES;
				CLANG_WARN_OBJC_ROOT_CLASS = YES_ERROR;
				CLANG_WARN_QUOTED_INCLUDE_IN_FRAMEWORK_HEADER = YES;
				CLANG_WARN_RANGE_LOOP_ANALYSIS = YES;
				CLANG_WARN_STRICT_PROTOTYPES = YES;
				CLANG_WARN_SUSPICIOUS_MOVE = YES;
				CLANG_WARN_UNGUARDED_AVAILABILITY = YES_AGGRESSIVE;
				CLANG_WARN_UNREACHABLE_CODE = YES;
				CLANG_WARN__DUPLICATE_METHOD_MATCH = YES;
				COPY_PHASE_STRIP = NO;
				DEBUG_INFORMATION_FORMAT = "dwarf-with-dsym";
				ENABLE_NS_ASSERTIONS = NO;
				ENABLE_STRICT_OBJC_MSGSEND = YES;
				ENABLE_USER_SCRIPT_SANDBOXING = YES;
				GCC_C_LANGUAGE_STANDARD = gnu17;
				GCC_NO_COMMON_BLOCKS = YES;
				GCC_WARN_64_TO_32_BIT_CONVERSION = YES;
				GCC_WARN_ABOUT_RETURN_TYPE = YES_ERROR;
				GCC_WARN_UNDECLARED_SELECTOR = YES;
				GCC_WARN_UNINITIALIZED_AUTOS = YES_AGGRESSIVE;
				GCC_WARN_UNUSED_FUNCTION = YES;
				GCC_WARN_UNUSED_VARIABLE = YES;
				IPHONEOS_DEPLOYMENT_TARGET = 17.2;
				LOCALIZATION_PREFERS_STRING_CATALOGS = YES;
				MTL_ENABLE_DEBUG_INFO = NO;
				MTL_FAST_MATH = YES;
				SDKROOT = iphoneos;
				SWIFT_COMPILATION_MODE = wholemodule;
				VALIDATE_PRODUCT = YES;
			};
			name = Release;
		};
		CD99F8212BA30C7E00A6403A /* Debug */ = {
			isa = XCBuildConfiguration;
			buildSettings = {
				ASSETCATALOG_COMPILER_APPICON_NAME = AppIcon;
				ASSETCATALOG_COMPILER_GLOBAL_ACCENT_COLOR_NAME = AccentColor;
				CODE_SIGN_STYLE = Automatic;
				CURRENT_PROJECT_VERSION = 1;
				DEVELOPMENT_ASSET_PATHS = "\"RandomContacts/Preview Content\"";
				DEVELOPMENT_TEAM = V3YK82Q5NN;
				ENABLE_PREVIEWS = YES;
				GENERATE_INFOPLIST_FILE = YES;
				INFOPLIST_KEY_CFBundleDisplayName = "Random Contacts";
				INFOPLIST_KEY_UIApplicationSceneManifest_Generation = YES;
				INFOPLIST_KEY_UIApplicationSupportsIndirectInputEvents = YES;
				INFOPLIST_KEY_UILaunchScreen_Generation = YES;
				INFOPLIST_KEY_UISupportedInterfaceOrientations = UIInterfaceOrientationPortrait;
				INFOPLIST_KEY_UISupportedInterfaceOrientations_iPad = "UIInterfaceOrientationLandscapeLeft UIInterfaceOrientationLandscapeRight UIInterfaceOrientationPortrait UIInterfaceOrientationPortraitUpsideDown";
				LD_RUNPATH_SEARCH_PATHS = (
					"$(inherited)",
					"@executable_path/Frameworks",
				);
				MARKETING_VERSION = 1.0;
				PRODUCT_BUNDLE_IDENTIFIER = broski43.RandomContacts;
				PRODUCT_NAME = "$(TARGET_NAME)";
				SUPPORTED_PLATFORMS = "iphoneos iphonesimulator";
				SUPPORTS_MACCATALYST = NO;
				SUPPORTS_MAC_DESIGNED_FOR_IPHONE_IPAD = NO;
				SUPPORTS_XR_DESIGNED_FOR_IPHONE_IPAD = NO;
				SWIFT_EMIT_LOC_STRINGS = YES;
				SWIFT_VERSION = 5.0;
				TARGETED_DEVICE_FAMILY = 1;
			};
			name = Debug;
		};
		CD99F8222BA30C7E00A6403A /* Release */ = {
			isa = XCBuildConfiguration;
			buildSettings = {
				ASSETCATALOG_COMPILER_APPICON_NAME = AppIcon;
				ASSETCATALOG_COMPILER_GLOBAL_ACCENT_COLOR_NAME = AccentColor;
				CODE_SIGN_STYLE = Automatic;
				CURRENT_PROJECT_VERSION = 1;
				DEVELOPMENT_ASSET_PATHS = "\"RandomContacts/Preview Content\"";
				DEVELOPMENT_TEAM = V3YK82Q5NN;
				ENABLE_PREVIEWS = YES;
				GENERATE_INFOPLIST_FILE = YES;
				INFOPLIST_KEY_CFBundleDisplayName = "Random Contacts";
				INFOPLIST_KEY_UIApplicationSceneManifest_Generation = YES;
				INFOPLIST_KEY_UIApplicationSupportsIndirectInputEvents = YES;
				INFOPLIST_KEY_UILaunchScreen_Generation = YES;
				INFOPLIST_KEY_UISupportedInterfaceOrientations = UIInterfaceOrientationPortrait;
				INFOPLIST_KEY_UISupportedInterfaceOrientations_iPad = "UIInterfaceOrientationLandscapeLeft UIInterfaceOrientationLandscapeRight UIInterfaceOrientationPortrait UIInterfaceOrientationPortraitUpsideDown";
				LD_RUNPATH_SEARCH_PATHS = (
					"$(inherited)",
					"@executable_path/Frameworks",
				);
				MARKETING_VERSION = 1.0;
				PRODUCT_BUNDLE_IDENTIFIER = broski43.RandomContacts;
				PRODUCT_NAME = "$(TARGET_NAME)";
				SUPPORTED_PLATFORMS = "iphoneos iphonesimulator";
				SUPPORTS_MACCATALYST = NO;
				SUPPORTS_MAC_DESIGNED_FOR_IPHONE_IPAD = NO;
				SUPPORTS_XR_DESIGNED_FOR_IPHONE_IPAD = NO;
				SWIFT_EMIT_LOC_STRINGS = YES;
				SWIFT_VERSION = 5.0;
				TARGETED_DEVICE_FAMILY = 1;
			};
			name = Release;
		};
/* End XCBuildConfiguration section */

/* Begin XCConfigurationList section */
		CD99F80D2BA30C7D00A6403A /* Build configuration list for PBXProject "RandomContacts" */ = {
			isa = XCConfigurationList;
			buildConfigurations = (
				CD99F81E2BA30C7E00A6403A /* Debug */,
				CD99F81F2BA30C7E00A6403A /* Release */,
			);
			defaultConfigurationIsVisible = 0;
			defaultConfigurationName = Release;
		};
		CD99F8202BA30C7E00A6403A /* Build configuration list for PBXNativeTarget "RandomContacts" */ = {
			isa = XCConfigurationList;
			buildConfigurations = (
				CD99F8212BA30C7E00A6403A /* Debug */,
				CD99F8222BA30C7E00A6403A /* Release */,
			);
			defaultConfigurationIsVisible = 0;
			defaultConfigurationName = Release;
		};
/* End XCConfigurationList section */
	};
	rootObject = CD99F80A2BA30C7D00A6403A /* Project object */;
}
